// !$*UTF8*$!
{
	archiveVersion = 1;
	classes = {
	};
	objectVersion = 46;
	objects = {

/* Begin PBXBuildFile section */
		3DCA2BDC1C52E92400D8384B /* AppDelegate.swift in Sources */ = {isa = PBXBuildFile; fileRef = 3DCA2BDB1C52E92400D8384B /* AppDelegate.swift */; };
		3DCA2BDE1C52E92400D8384B /* ViewController.swift in Sources */ = {isa = PBXBuildFile; fileRef = 3DCA2BDD1C52E92400D8384B /* ViewController.swift */; };
		3DCA2BE11C52E92400D8384B /* Main.storyboard in Resources */ = {isa = PBXBuildFile; fileRef = 3DCA2BDF1C52E92400D8384B /* Main.storyboard */; };
		3DCA2BE31C52E92400D8384B /* Assets.xcassets in Resources */ = {isa = PBXBuildFile; fileRef = 3DCA2BE21C52E92400D8384B /* Assets.xcassets */; };
		3DCA2BE61C52E92400D8384B /* LaunchScreen.storyboard in Resources */ = {isa = PBXBuildFile; fileRef = 3DCA2BE41C52E92400D8384B /* LaunchScreen.storyboard */; };
		3DCA2BF11C52E92400D8384B /* PikkedTests.swift in Sources */ = {isa = PBXBuildFile; fileRef = 3DCA2BF01C52E92400D8384B /* PikkedTests.swift */; };
		3DCA2BFC1C52E92400D8384B /* PikkedUITests.swift in Sources */ = {isa = PBXBuildFile; fileRef = 3DCA2BFB1C52E92400D8384B /* PikkedUITests.swift */; };
		3DCA2C0A1C52F3F200D8384B /* AnimationIntroViewViewController.swift in Sources */ = {isa = PBXBuildFile; fileRef = 3DCA2C091C52F3F200D8384B /* AnimationIntroViewViewController.swift */; };
		3DCA2C0C1C52F83800D8384B /* UIImage+Gif.swift in Sources */ = {isa = PBXBuildFile; fileRef = 3DCA2C0B1C52F83800D8384B /* UIImage+Gif.swift */; };
		3DCA2C0E1C52F85700D8384B /* nikeGif.gif in Resources */ = {isa = PBXBuildFile; fileRef = 3DCA2C0D1C52F85700D8384B /* nikeGif.gif */; };
		3DCA2C101C52FAAE00D8384B /* NikeGif2.gif in Resources */ = {isa = PBXBuildFile; fileRef = 3DCA2C0F1C52FAAE00D8384B /* NikeGif2.gif */; };
		3DCA2C121C52FBA100D8384B /* NikeGif3.gif in Resources */ = {isa = PBXBuildFile; fileRef = 3DCA2C111C52FBA100D8384B /* NikeGif3.gif */; };
		3DCA2C141C5302C700D8384B /* ZFRippleButton.swift in Sources */ = {isa = PBXBuildFile; fileRef = 3DCA2C131C5302C700D8384B /* ZFRippleButton.swift */; };
		B9B995C028DCC22EACCA609B /* Pods.framework in Frameworks */ = {isa = PBXBuildFile; fileRef = A4CEFD142CA344E5756A40E3 /* Pods.framework */; };
/* End PBXBuildFile section */

/* Begin PBXContainerItemProxy section */
		3DCA2BED1C52E92400D8384B /* PBXContainerItemProxy */ = {
			isa = PBXContainerItemProxy;
			containerPortal = 3DCA2BD01C52E92300D8384B /* Project object */;
			proxyType = 1;
			remoteGlobalIDString = 3DCA2BD71C52E92400D8384B;
			remoteInfo = Pikked;
		};
		3DCA2BF81C52E92400D8384B /* PBXContainerItemProxy */ = {
			isa = PBXContainerItemProxy;
			containerPortal = 3DCA2BD01C52E92300D8384B /* Project object */;
			proxyType = 1;
			remoteGlobalIDString = 3DCA2BD71C52E92400D8384B;
			remoteInfo = Pikked;
		};
/* End PBXContainerItemProxy section */

/* Begin PBXFileReference section */
		3DCA2BD81C52E92400D8384B /* Pikked.app */ = {isa = PBXFileReference; explicitFileType = wrapper.application; includeInIndex = 0; path = Pikked.app; sourceTree = BUILT_PRODUCTS_DIR; };
		3DCA2BDB1C52E92400D8384B /* AppDelegate.swift */ = {isa = PBXFileReference; lastKnownFileType = sourcecode.swift; path = AppDelegate.swift; sourceTree = "<group>"; };
		3DCA2BDD1C52E92400D8384B /* ViewController.swift */ = {isa = PBXFileReference; lastKnownFileType = sourcecode.swift; path = ViewController.swift; sourceTree = "<group>"; };
		3DCA2BE01C52E92400D8384B /* Base */ = {isa = PBXFileReference; lastKnownFileType = file.storyboard; name = Base; path = Base.lproj/Main.storyboard; sourceTree = "<group>"; };
		3DCA2BE21C52E92400D8384B /* Assets.xcassets */ = {isa = PBXFileReference; lastKnownFileType = folder.assetcatalog; path = Assets.xcassets; sourceTree = "<group>"; };
		3DCA2BE51C52E92400D8384B /* Base */ = {isa = PBXFileReference; lastKnownFileType = file.storyboard; name = Base; path = Base.lproj/LaunchScreen.storyboard; sourceTree = "<group>"; };
		3DCA2BE71C52E92400D8384B /* Info.plist */ = {isa = PBXFileReference; lastKnownFileType = text.plist.xml; path = Info.plist; sourceTree = "<group>"; };
		3DCA2BEC1C52E92400D8384B /* PikkedTests.xctest */ = {isa = PBXFileReference; explicitFileType = wrapper.cfbundle; includeInIndex = 0; path = PikkedTests.xctest; sourceTree = BUILT_PRODUCTS_DIR; };
		3DCA2BF01C52E92400D8384B /* PikkedTests.swift */ = {isa = PBXFileReference; lastKnownFileType = sourcecode.swift; path = PikkedTests.swift; sourceTree = "<group>"; };
		3DCA2BF21C52E92400D8384B /* Info.plist */ = {isa = PBXFileReference; lastKnownFileType = text.plist.xml; path = Info.plist; sourceTree = "<group>"; };
		3DCA2BF71C52E92400D8384B /* PikkedUITests.xctest */ = {isa = PBXFileReference; explicitFileType = wrapper.cfbundle; includeInIndex = 0; path = PikkedUITests.xctest; sourceTree = BUILT_PRODUCTS_DIR; };
		3DCA2BFB1C52E92400D8384B /* PikkedUITests.swift */ = {isa = PBXFileReference; lastKnownFileType = sourcecode.swift; path = PikkedUITests.swift; sourceTree = "<group>"; };
		3DCA2BFD1C52E92400D8384B /* Info.plist */ = {isa = PBXFileReference; lastKnownFileType = text.plist.xml; path = Info.plist; sourceTree = "<group>"; };
		3DCA2C091C52F3F200D8384B /* AnimationIntroViewViewController.swift */ = {isa = PBXFileReference; fileEncoding = 4; lastKnownFileType = sourcecode.swift; path = AnimationIntroViewViewController.swift; sourceTree = "<group>"; };
		3DCA2C0B1C52F83800D8384B /* UIImage+Gif.swift */ = {isa = PBXFileReference; fileEncoding = 4; lastKnownFileType = sourcecode.swift; name = "UIImage+Gif.swift"; path = "Pods/SwiftGifOrigin/SwiftGifCommon/UIImage+Gif.swift"; sourceTree = "<group>"; };
		3DCA2C0D1C52F85700D8384B /* nikeGif.gif */ = {isa = PBXFileReference; lastKnownFileType = image.gif; path = nikeGif.gif; sourceTree = "<group>"; };
		3DCA2C0F1C52FAAE00D8384B /* NikeGif2.gif */ = {isa = PBXFileReference; lastKnownFileType = image.gif; path = NikeGif2.gif; sourceTree = "<group>"; };
		3DCA2C111C52FBA100D8384B /* NikeGif3.gif */ = {isa = PBXFileReference; lastKnownFileType = image.gif; path = NikeGif3.gif; sourceTree = "<group>"; };
		3DCA2C131C5302C700D8384B /* ZFRippleButton.swift */ = {isa = PBXFileReference; fileEncoding = 4; lastKnownFileType = sourcecode.swift; name = ZFRippleButton.swift; path = Pods/ZFRippleButton/Classes/ZFRippleButton.swift; sourceTree = "<group>"; };
		4DD7FC9932C577BF099511B1 /* Pods.release.xcconfig */ = {isa = PBXFileReference; includeInIndex = 1; lastKnownFileType = text.xcconfig; name = Pods.release.xcconfig; path = "Pods/Target Support Files/Pods/Pods.release.xcconfig"; sourceTree = "<group>"; };
		859A75F8F2DBB05C1475C93E /* Pods.debug.xcconfig */ = {isa = PBXFileReference; includeInIndex = 1; lastKnownFileType = text.xcconfig; name = Pods.debug.xcconfig; path = "Pods/Target Support Files/Pods/Pods.debug.xcconfig"; sourceTree = "<group>"; };
		A4CEFD142CA344E5756A40E3 /* Pods.framework */ = {isa = PBXFileReference; explicitFileType = wrapper.framework; includeInIndex = 0; path = Pods.framework; sourceTree = BUILT_PRODUCTS_DIR; };
/* End PBXFileReference section */

/* Begin PBXFrameworksBuildPhase section */
		3DCA2BD51C52E92400D8384B /* Frameworks */ = {
			isa = PBXFrameworksBuildPhase;
			buildActionMask = 2147483647;
			files = (
				B9B995C028DCC22EACCA609B /* Pods.framework in Frameworks */,
			);
			runOnlyForDeploymentPostprocessing = 0;
		};
		3DCA2BE91C52E92400D8384B /* Frameworks */ = {
			isa = PBXFrameworksBuildPhase;
			buildActionMask = 2147483647;
			files = (
			);
			runOnlyForDeploymentPostprocessing = 0;
		};
		3DCA2BF41C52E92400D8384B /* Frameworks */ = {
			isa = PBXFrameworksBuildPhase;
			buildActionMask = 2147483647;
			files = (
			);
			runOnlyForDeploymentPostprocessing = 0;
		};
/* End PBXFrameworksBuildPhase section */

/* Begin PBXGroup section */
		3DCA2BCF1C52E92300D8384B = {
			isa = PBXGroup;
			children = (
				3DCA2BDA1C52E92400D8384B /* Pikked */,
				3DCA2BEF1C52E92400D8384B /* PikkedTests */,
				3DCA2BFA1C52E92400D8384B /* PikkedUITests */,
				3DCA2BD91C52E92400D8384B /* Products */,
				4A64A17EF9FCBE1D62E4E651 /* Pods */,
				3DCA2C0B1C52F83800D8384B /* UIImage+Gif.swift */,
				3DCA2C131C5302C700D8384B /* ZFRippleButton.swift */,
				3DCA2C0D1C52F85700D8384B /* nikeGif.gif */,
				3DCA2C0F1C52FAAE00D8384B /* NikeGif2.gif */,
				3DCA2C111C52FBA100D8384B /* NikeGif3.gif */,
				3E1AD5FE85830DCAB8DAB8FA /* Frameworks */,
			);
			sourceTree = "<group>";
		};
		3DCA2BD91C52E92400D8384B /* Products */ = {
			isa = PBXGroup;
			children = (
				3DCA2BD81C52E92400D8384B /* Pikked.app */,
				3DCA2BEC1C52E92400D8384B /* PikkedTests.xctest */,
				3DCA2BF71C52E92400D8384B /* PikkedUITests.xctest */,
			);
			name = Products;
			sourceTree = "<group>";
		};
		3DCA2BDA1C52E92400D8384B /* Pikked */ = {
			isa = PBXGroup;
			children = (
				3DCA2BDB1C52E92400D8384B /* AppDelegate.swift */,
				3DCA2BDD1C52E92400D8384B /* ViewController.swift */,
				3DCA2C091C52F3F200D8384B /* AnimationIntroViewViewController.swift */,
				3DCA2BDF1C52E92400D8384B /* Main.storyboard */,
				3DCA2BE21C52E92400D8384B /* Assets.xcassets */,
				3DCA2BE41C52E92400D8384B /* LaunchScreen.storyboard */,
				3DCA2BE71C52E92400D8384B /* Info.plist */,
			);
			path = Pikked;
			sourceTree = "<group>";
		};
		3DCA2BEF1C52E92400D8384B /* PikkedTests */ = {
			isa = PBXGroup;
			children = (
				3DCA2BF01C52E92400D8384B /* PikkedTests.swift */,
				3DCA2BF21C52E92400D8384B /* Info.plist */,
			);
			path = PikkedTests;
			sourceTree = "<group>";
		};
		3DCA2BFA1C52E92400D8384B /* PikkedUITests */ = {
			isa = PBXGroup;
			children = (
				3DCA2BFB1C52E92400D8384B /* PikkedUITests.swift */,
				3DCA2BFD1C52E92400D8384B /* Info.plist */,
			);
			path = PikkedUITests;
			sourceTree = "<group>";
		};
		3E1AD5FE85830DCAB8DAB8FA /* Frameworks */ = {
			isa = PBXGroup;
			children = (
				A4CEFD142CA344E5756A40E3 /* Pods.framework */,
			);
			name = Frameworks;
			sourceTree = "<group>";
		};
		4A64A17EF9FCBE1D62E4E651 /* Pods */ = {
			isa = PBXGroup;
			children = (
				859A75F8F2DBB05C1475C93E /* Pods.debug.xcconfig */,
				4DD7FC9932C577BF099511B1 /* Pods.release.xcconfig */,
			);
			name = Pods;
			sourceTree = "<group>";
		};
/* End PBXGroup section */

/* Begin PBXNativeTarget section */
		3DCA2BD71C52E92400D8384B /* Pikked */ = {
			isa = PBXNativeTarget;
			buildConfigurationList = 3DCA2C001C52E92400D8384B /* Build configuration list for PBXNativeTarget "Pikked" */;
			buildPhases = (
				5763194D61E95E40123D2F14 /* Check Pods Manifest.lock */,
				3DCA2BD41C52E92400D8384B /* Sources */,
				3DCA2BD51C52E92400D8384B /* Frameworks */,
				3DCA2BD61C52E92400D8384B /* Resources */,
				81D217F5C2762375E58A29D6 /* Embed Pods Frameworks */,
				B8747856BCBF22006E6DF55B /* Copy Pods Resources */,
			);
			buildRules = (
			);
			dependencies = (
			);
			name = Pikked;
			productName = Pikked;
			productReference = 3DCA2BD81C52E92400D8384B /* Pikked.app */;
			productType = "com.apple.product-type.application";
		};
		3DCA2BEB1C52E92400D8384B /* PikkedTests */ = {
			isa = PBXNativeTarget;
			buildConfigurationList = 3DCA2C031C52E92400D8384B /* Build configuration list for PBXNativeTarget "PikkedTests" */;
			buildPhases = (
				3DCA2BE81C52E92400D8384B /* Sources */,
				3DCA2BE91C52E92400D8384B /* Frameworks */,
				3DCA2BEA1C52E92400D8384B /* Resources */,
			);
			buildRules = (
			);
			dependencies = (
				3DCA2BEE1C52E92400D8384B /* PBXTargetDependency */,
			);
			name = PikkedTests;
			productName = PikkedTests;
			productReference = 3DCA2BEC1C52E92400D8384B /* PikkedTests.xctest */;
			productType = "com.apple.product-type.bundle.unit-test";
		};
		3DCA2BF61C52E92400D8384B /* PikkedUITests */ = {
			isa = PBXNativeTarget;
			buildConfigurationList = 3DCA2C061C52E92400D8384B /* Build configuration list for PBXNativeTarget "PikkedUITests" */;
			buildPhases = (
				3DCA2BF31C52E92400D8384B /* Sources */,
				3DCA2BF41C52E92400D8384B /* Frameworks */,
				3DCA2BF51C52E92400D8384B /* Resources */,
			);
			buildRules = (
			);
			dependencies = (
				3DCA2BF91C52E92400D8384B /* PBXTargetDependency */,
			);
			name = PikkedUITests;
			productName = PikkedUITests;
			productReference = 3DCA2BF71C52E92400D8384B /* PikkedUITests.xctest */;
			productType = "com.apple.product-type.bundle.ui-testing";
		};
/* End PBXNativeTarget section */

/* Begin PBXProject section */
		3DCA2BD01C52E92300D8384B /* Project object */ = {
			isa = PBXProject;
			attributes = {
				LastSwiftUpdateCheck = 0720;
				LastUpgradeCheck = 0720;
				ORGANIZATIONNAME = "William Judd";
				TargetAttributes = {
					3DCA2BD71C52E92400D8384B = {
						CreatedOnToolsVersion = 7.2;
					};
					3DCA2BEB1C52E92400D8384B = {
						CreatedOnToolsVersion = 7.2;
						TestTargetID = 3DCA2BD71C52E92400D8384B;
					};
					3DCA2BF61C52E92400D8384B = {
						CreatedOnToolsVersion = 7.2;
						TestTargetID = 3DCA2BD71C52E92400D8384B;
					};
				};
			};
			buildConfigurationList = 3DCA2BD31C52E92300D8384B /* Build configuration list for PBXProject "Pikked" */;
			compatibilityVersion = "Xcode 3.2";
			developmentRegion = English;
			hasScannedForEncodings = 0;
			knownRegions = (
				en,
				Base,
			);
			mainGroup = 3DCA2BCF1C52E92300D8384B;
			productRefGroup = 3DCA2BD91C52E92400D8384B /* Products */;
			projectDirPath = "";
			projectRoot = "";
			targets = (
				3DCA2BD71C52E92400D8384B /* Pikked */,
				3DCA2BEB1C52E92400D8384B /* PikkedTests */,
				3DCA2BF61C52E92400D8384B /* PikkedUITests */,
			);
		};
/* End PBXProject section */

/* Begin PBXResourcesBuildPhase section */
		3DCA2BD61C52E92400D8384B /* Resources */ = {
			isa = PBXResourcesBuildPhase;
			buildActionMask = 2147483647;
			files = (
				3DCA2C121C52FBA100D8384B /* NikeGif3.gif in Resources */,
				3DCA2C0E1C52F85700D8384B /* nikeGif.gif in Resources */,
				3DCA2BE61C52E92400D8384B /* LaunchScreen.storyboard in Resources */,
				3DCA2BE31C52E92400D8384B /* Assets.xcassets in Resources */,
				3DCA2C101C52FAAE00D8384B /* NikeGif2.gif in Resources */,
				3DCA2BE11C52E92400D8384B /* Main.storyboard in Resources */,
			);
			runOnlyForDeploymentPostprocessing = 0;
		};
		3DCA2BEA1C52E92400D8384B /* Resources */ = {
			isa = PBXResourcesBuildPhase;
			buildActionMask = 2147483647;
			files = (
			);
			runOnlyForDeploymentPostprocessing = 0;
		};
		3DCA2BF51C52E92400D8384B /* Resources */ = {
			isa = PBXResourcesBuildPhase;
			buildActionMask = 2147483647;
			files = (
			);
			runOnlyForDeploymentPostprocessing = 0;
		};
/* End PBXResourcesBuildPhase section */

/* Begin PBXShellScriptBuildPhase section */
		5763194D61E95E40123D2F14 /* Check Pods Manifest.lock */ = {
			isa = PBXShellScriptBuildPhase;
			buildActionMask = 2147483647;
			files = (
			);
			inputPaths = (
			);
			name = "Check Pods Manifest.lock";
			outputPaths = (
			);
			runOnlyForDeploymentPostprocessing = 0;
			shellPath = /bin/sh;
			shellScript = "diff \"${PODS_ROOT}/../Podfile.lock\" \"${PODS_ROOT}/Manifest.lock\" > /dev/null\nif [[ $? != 0 ]] ; then\n    cat << EOM\nerror: The sandbox is not in sync with the Podfile.lock. Run 'pod install' or update your CocoaPods installation.\nEOM\n    exit 1\nfi\n";
			showEnvVarsInLog = 0;
		};
		81D217F5C2762375E58A29D6 /* Embed Pods Frameworks */ = {
			isa = PBXShellScriptBuildPhase;
			buildActionMask = 2147483647;
			files = (
			);
			inputPaths = (
			);
			name = "Embed Pods Frameworks";
			outputPaths = (
			);
			runOnlyForDeploymentPostprocessing = 0;
			shellPath = /bin/sh;
			shellScript = "\"${SRCROOT}/Pods/Target Support Files/Pods/Pods-frameworks.sh\"\n";
			showEnvVarsInLog = 0;
		};
		B8747856BCBF22006E6DF55B /* Copy Pods Resources */ = {
			isa = PBXShellScriptBuildPhase;
			buildActionMask = 2147483647;
			files = (
			);
			inputPaths = (
			);
			name = "Copy Pods Resources";
			outputPaths = (
			);
			runOnlyForDeploymentPostprocessing = 0;
			shellPath = /bin/sh;
			shellScript = "\"${SRCROOT}/Pods/Target Support Files/Pods/Pods-resources.sh\"\n";
			showEnvVarsInLog = 0;
		};
/* End PBXShellScriptBuildPhase section */

/* Begin PBXSourcesBuildPhase section */
		3DCA2BD41C52E92400D8384B /* Sources */ = {
			isa = PBXSourcesBuildPhase;
			buildActionMask = 2147483647;
			files = (
				3DCA2BDE1C52E92400D8384B /* ViewController.swift in Sources */,
				3DCA2C0A1C52F3F200D8384B /* AnimationIntroViewViewController.swift in Sources */,
				3DCA2C0C1C52F83800D8384B /* UIImage+Gif.swift in Sources */,
				3DCA2C141C5302C700D8384B /* ZFRippleButton.swift in Sources */,
				3DCA2BDC1C52E92400D8384B /* AppDelegate.swift in Sources */,
			);
			runOnlyForDeploymentPostprocessing = 0;
		};
		3DCA2BE81C52E92400D8384B /* Sources */ = {
			isa = PBXSourcesBuildPhase;
			buildActionMask = 2147483647;
			files = (
				3DCA2BF11C52E92400D8384B /* PikkedTests.swift in Sources */,
			);
			runOnlyForDeploymentPostprocessing = 0;
		};
		3DCA2BF31C52E92400D8384B /* Sources */ = {
			isa = PBXSourcesBuildPhase;
			buildActionMask = 2147483647;
			files = (
				3DCA2BFC1C52E92400D8384B /* PikkedUITests.swift in Sources */,
			);
			runOnlyForDeploymentPostprocessing = 0;
		};
/* End PBXSourcesBuildPhase section */

/* Begin PBXTargetDependency section */
		3DCA2BEE1C52E92400D8384B /* PBXTargetDependency */ = {
			isa = PBXTargetDependency;
			target = 3DCA2BD71C52E92400D8384B /* Pikked */;
			targetProxy = 3DCA2BED1C52E92400D8384B /* PBXContainerItemProxy */;
		};
		3DCA2BF91C52E92400D8384B /* PBXTargetDependency */ = {
			isa = PBXTargetDependency;
			target = 3DCA2BD71C52E92400D8384B /* Pikked */;
			targetProxy = 3DCA2BF81C52E92400D8384B /* PBXContainerItemProxy */;
		};
/* End PBXTargetDependency section */

/* Begin PBXVariantGroup section */
		3DCA2BDF1C52E92400D8384B /* Main.storyboard */ = {
			isa = PBXVariantGroup;
			children = (
				3DCA2BE01C52E92400D8384B /* Base */,
			);
			name = Main.storyboard;
			sourceTree = "<group>";
		};
		3DCA2BE41C52E92400D8384B /* LaunchScreen.storyboard */ = {
			isa = PBXVariantGroup;
			children = (
				3DCA2BE51C52E92400D8384B /* Base */,
			);
			name = LaunchScreen.storyboard;
			sourceTree = "<group>";
		};
/* End PBXVariantGroup section */

/* Begin XCBuildConfiguration section */
		3DCA2BFE1C52E92400D8384B /* Debug */ = {
			isa = XCBuildConfiguration;
			buildSettings = {
				ALWAYS_SEARCH_USER_PATHS = NO;
				CLANG_CXX_LANGUAGE_STANDARD = "gnu++0x";
				CLANG_CXX_LIBRARY = "libc++";
				CLANG_ENABLE_MODULES = YES;
				CLANG_ENABLE_OBJC_ARC = YES;
				CLANG_WARN_BOOL_CONVERSION = YES;
				CLANG_WARN_CONSTANT_CONVERSION = YES;
				CLANG_WARN_DIRECT_OBJC_ISA_USAGE = YES_ERROR;
				CLANG_WARN_EMPTY_BODY = YES;
				CLANG_WARN_ENUM_CONVERSION = YES;
				CLANG_WARN_INT_CONVERSION = YES;
				CLANG_WARN_OBJC_ROOT_CLASS = YES_ERROR;
				CLANG_WARN_UNREACHABLE_CODE = YES;
				CLANG_WARN__DUPLICATE_METHOD_MATCH = YES;
				"CODE_SIGN_IDENTITY[sdk=iphoneos*]" = "iPhone Developer";
				COPY_PHASE_STRIP = NO;
				DEBUG_INFORMATION_FORMAT = dwarf;
				ENABLE_STRICT_OBJC_MSGSEND = YES;
				ENABLE_TESTABILITY = YES;
				GCC_C_LANGUAGE_STANDARD = gnu99;
				GCC_DYNAMIC_NO_PIC = NO;
				GCC_NO_COMMON_BLOCKS = YES;
				GCC_OPTIMIZATION_LEVEL = 0;
				GCC_PREPROCESSOR_DEFINITIONS = (
					"DEBUG=1",
					"$(inherited)",
				);
				GCC_WARN_64_TO_32_BIT_CONVERSION = YES;
				GCC_WARN_ABOUT_RETURN_TYPE = YES_ERROR;
				GCC_WARN_UNDECLARED_SELECTOR = YES;
				GCC_WARN_UNINITIALIZED_AUTOS = YES_AGGRESSIVE;
				GCC_WARN_UNUSED_FUNCTION = YES;
				GCC_WARN_UNUSED_VARIABLE = YES;
				IPHONEOS_DEPLOYMENT_TARGET = 9.2;
				MTL_ENABLE_DEBUG_INFO = YES;
				ONLY_ACTIVE_ARCH = YES;
				SDKROOT = iphoneos;
				SWIFT_OPTIMIZATION_LEVEL = "-Onone";
			};
			name = Debug;
		};
		3DCA2BFF1C52E92400D8384B /* Release */ = {
			isa = XCBuildConfiguration;
			buildSettings = {
				ALWAYS_SEARCH_USER_PATHS = NO;
				CLANG_CXX_LANGUAGE_STANDARD = "gnu++0x";
				CLANG_CXX_LIBRARY = "libc++";
				CLANG_ENABLE_MODULES = YES;
				CLANG_ENABLE_OBJC_ARC = YES;
				CLANG_WARN_BOOL_CONVERSION = YES;
				CLANG_WARN_CONSTANT_CONVERSION = YES;
				CLANG_WARN_DIRECT_OBJC_ISA_USAGE = YES_ERROR;
				CLANG_WARN_EMPTY_BODY = YES;
				CLANG_WARN_ENUM_CONVERSION = YES;
				CLANG_WARN_INT_CONVERSION = YES;
				CLANG_WARN_OBJC_ROOT_CLASS = YES_ERROR;
				CLANG_WARN_UNREACHABLE_CODE = YES;
				CLANG_WARN__DUPLICATE_METHOD_MATCH = YES;
				"CODE_SIGN_IDENTITY[sdk=iphoneos*]" = "iPhone Developer";
				COPY_PHASE_STRIP = NO;
				DEBUG_INFORMATION_FORMAT = "dwarf-with-dsym";
				ENABLE_NS_ASSERTIONS = NO;
				ENABLE_STRICT_OBJC_MSGSEND = YES;
				GCC_C_LANGUAGE_STANDARD = gnu99;
				GCC_NO_COMMON_BLOCKS = YES;
				GCC_WARN_64_TO_32_BIT_CONVERSION = YES;
				GCC_WARN_ABOUT_RETURN_TYPE = YES_ERROR;
				GCC_WARN_UNDECLARED_SELECTOR = YES;
				GCC_WARN_UNINITIALIZED_AUTOS = YES_AGGRESSIVE;
				GCC_WARN_UNUSED_FUNCTION = YES;
				GCC_WARN_UNUSED_VARIABLE = YES;
				IPHONEOS_DEPLOYMENT_TARGET = 9.2;
				MTL_ENABLE_DEBUG_INFO = NO;
				SDKROOT = iphoneos;
				VALIDATE_PRODUCT = YES;
			};
			name = Release;
		};
		3DCA2C011C52E92400D8384B /* Debug */ = {
			isa = XCBuildConfiguration;
			baseConfigurationReference = 859A75F8F2DBB05C1475C93E /* Pods.debug.xcconfig */;
			buildSettings = {
				ASSETCATALOG_COMPILER_APPICON_NAME = AppIcon;
				INFOPLIST_FILE = Pikked/Info.plist;
				LD_RUNPATH_SEARCH_PATHS = "$(inherited) @executable_path/Frameworks";
				PRODUCT_BUNDLE_IDENTIFIER = "Think-Jinues.Pikked";
				PRODUCT_NAME = "$(TARGET_NAME)";
			};
			name = Debug;
		};
		3DCA2C021C52E92400D8384B /* Release */ = {
			isa = XCBuildConfiguration;
			baseConfigurationReference = 4DD7FC9932C577BF099511B1 /* Pods.release.xcconfig */;
			buildSettings = {
				ASSETCATALOG_COMPILER_APPICON_NAME = AppIcon;
				INFOPLIST_FILE = Pikked/Info.plist;
				LD_RUNPATH_SEARCH_PATHS = "$(inherited) @executable_path/Frameworks";
				PRODUCT_BUNDLE_IDENTIFIER = "Think-Jinues.Pikked";
				PRODUCT_NAME = "$(TARGET_NAME)";
			};
			name = Release;
		};
		3DCA2C041C52E92400D8384B /* Debug */ = {
			isa = XCBuildConfiguration;
			buildSettings = {
				BUNDLE_LOADER = "$(TEST_HOST)";
				INFOPLIST_FILE = PikkedTests/Info.plist;
				LD_RUNPATH_SEARCH_PATHS = "$(inherited) @executable_path/Frameworks @loader_path/Frameworks";
				PRODUCT_BUNDLE_IDENTIFIER = "Think-Jinues.PikkedTests";
				PRODUCT_NAME = "$(TARGET_NAME)";
				TEST_HOST = "$(BUILT_PRODUCTS_DIR)/Pikked.app/Pikked";
			};
			name = Debug;
		};
		3DCA2C051C52E92400D8384B /* Release */ = {
			isa = XCBuildConfiguration;
			buildSettings = {
				BUNDLE_LOADER = "$(TEST_HOST)";
				INFOPLIST_FILE = PikkedTests/Info.plist;
				LD_RUNPATH_SEARCH_PATHS = "$(inherited) @executable_path/Frameworks @loader_path/Frameworks";
				PRODUCT_BUNDLE_IDENTIFIER = "Think-Jinues.PikkedTests";
				PRODUCT_NAME = "$(TARGET_NAME)";
				TEST_HOST = "$(BUILT_PRODUCTS_DIR)/Pikked.app/Pikked";
			};
			name = Release;
		};
		3DCA2C071C52E92400D8384B /* Debug */ = {
			isa = XCBuildConfiguration;
			buildSettings = {
				INFOPLIST_FILE = PikkedUITests/Info.plist;
				LD_RUNPATH_SEARCH_PATHS = "$(inherited) @executable_path/Frameworks @loader_path/Frameworks";
				PRODUCT_BUNDLE_IDENTIFIER = "Think-Jinues.PikkedUITests";
				PRODUCT_NAME = "$(TARGET_NAME)";
				TEST_TARGET_NAME = Pikked;
				USES_XCTRUNNER = YES;
			};
			name = Debug;
		};
		3DCA2C081C52E92400D8384B /* Release */ = {
			isa = XCBuildConfiguration;
			buildSettings = {
				INFOPLIST_FILE = PikkedUITests/Info.plist;
				LD_RUNPATH_SEARCH_PATHS = "$(inherited) @executable_path/Frameworks @loader_path/Frameworks";
				PRODUCT_BUNDLE_IDENTIFIER = "Think-Jinues.PikkedUITests";
				PRODUCT_NAME = "$(TARGET_NAME)";
				TEST_TARGET_NAME = Pikked;
				USES_XCTRUNNER = YES;
			};
			name = Release;
		};
/* End XCBuildConfiguration section */

/* Begin XCConfigurationList section */
		3DCA2BD31C52E92300D8384B /* Build configuration list for PBXProject "Pikked" */ = {
			isa = XCConfigurationList;
			buildConfigurations = (
				3DCA2BFE1C52E92400D8384B /* Debug */,
				3DCA2BFF1C52E92400D8384B /* Release */,
			);
			defaultConfigurationIsVisible = 0;
			defaultConfigurationName = Release;
		};
		3DCA2C001C52E92400D8384B /* Build configuration list for PBXNativeTarget "Pikked" */ = {
			isa = XCConfigurationList;
			buildConfigurations = (
				3DCA2C011C52E92400D8384B /* Debug */,
				3DCA2C021C52E92400D8384B /* Release */,
			);
			defaultConfigurationIsVisible = 0;
			defaultConfigurationName = Release;
		};
		3DCA2C031C52E92400D8384B /* Build configuration list for PBXNativeTarget "PikkedTests" */ = {
			isa = XCConfigurationList;
			buildConfigurations = (
				3DCA2C041C52E92400D8384B /* Debug */,
				3DCA2C051C52E92400D8384B /* Release */,
			);
			defaultConfigurationIsVisible = 0;
			defaultConfigurationName = Release;
		};
		3DCA2C061C52E92400D8384B /* Build configuration list for PBXNativeTarget "PikkedUITests" */ = {
			isa = XCConfigurationList;
			buildConfigurations = (
				3DCA2C071C52E92400D8384B /* Debug */,
				3DCA2C081C52E92400D8384B /* Release */,
			);
			defaultConfigurationIsVisible = 0;
			defaultConfigurationName = Release;
		};
/* End XCConfigurationList section */
	};
	rootObject = 3DCA2BD01C52E92300D8384B /* Project object */;
}
